
Microsoft Visual Studio Solution File, Format Version 12.00
# Visual Studio 15
VisualStudioVersion = 15.0.28307.168
MinimumVisualStudioVersion = 10.0.40219.1
Project("{FAE04EC0-301F-11D3-BF4B-00C04F79EFBC}") = "PhotoFlux", "PhotoFlux\PhotoFlux.csproj", "{4525BC92-016A-46F4-9D22-CDF8ECA38220}"
EndProject
Global
	GlobalSection(SolutionConfigurationPlatforms) = preSolution
		Debug|Any CPU = Debug|Any CPU
		Release|Any CPU = Release|Any CPU
	EndGlobalSection
	GlobalSection(ProjectConfigurationPlatforms) = postSolution
		{4525BC92-016A-46F4-9D22-CDF8ECA38220}.Debug|Any CPU.ActiveCfg = Debug|Any CPU
		{4525BC92-016A-46F4-9D22-CDF8ECA38220}.Debug|Any CPU.Build.0 = Debug|Any CPU
		{4525BC92-016A-46F4-9D22-CDF8ECA38220}.Release|Any CPU.ActiveCfg = Release|Any CPU
		{4525BC92-016A-46F4-9D22-CDF8ECA38220}.Release|Any CPU.Build.0 = Release|Any CPU
	EndGlobalSection
	GlobalSection(SolutionProperties) = preSolution
		HideSolutionNode = FALSE
	EndGlobalSection
	GlobalSection(ExtensibilityGlobals) = postSolution
		SolutionGuid = {0940D9A2-D01C-4B67-B7EC-9F2C412BB1FC}
	EndGlobalSection
EndGlobal
